
Microsoft Visual Studio Solution File, Format Version 12.00
# Visual Studio 15
VisualStudioVersion = 15.0.27428.2015
MinimumVisualStudioVersion = 10.0.40219.1
Project("{9A19103F-16F7-4668-BE54-9A1E7A4F7556}") = "DataAccess.SQLite", "DataAccess.SQLite\DataAccess.SQLite.csproj", "{8DA48009-09C4-40BE-8783-596436B934A0}"
EndProject
Project("{FAE04EC0-301F-11D3-BF4B-00C04F79EFBC}") = "Enderecos", "Enderecos\Enderecos.csproj", "{721FE76F-92BF-4709-BA59-E84EFAE0BC7B}"
EndProject
Global
	GlobalSection(SolutionConfigurationPlatforms) = preSolution
		Debug|Any CPU = Debug|Any CPU
		Release|Any CPU = Release|Any CPU
	EndGlobalSection
	GlobalSection(ProjectConfigurationPlatforms) = postSolution
		{8DA48009-09C4-40BE-8783-596436B934A0}.Debug|Any CPU.ActiveCfg = Debug|Any CPU
		{8DA48009-09C4-40BE-8783-596436B934A0}.Debug|Any CPU.Build.0 = Debug|Any CPU
		{8DA48009-09C4-40BE-8783-596436B934A0}.Release|Any CPU.ActiveCfg = Release|Any CPU
		{8DA48009-09C4-40BE-8783-596436B934A0}.Release|Any CPU.Build.0 = Release|Any CPU
		{721FE76F-92BF-4709-BA59-E84EFAE0BC7B}.Debug|Any CPU.ActiveCfg = Debug|Any CPU
		{721FE76F-92BF-4709-BA59-E84EFAE0BC7B}.Debug|Any CPU.Build.0 = Debug|Any CPU
		{721FE76F-92BF-4709-BA59-E84EFAE0BC7B}.Release|Any CPU.ActiveCfg = Release|Any CPU
		{721FE76F-92BF-4709-BA59-E84EFAE0BC7B}.Release|Any CPU.Build.0 = Release|Any CPU
	EndGlobalSection
	GlobalSection(SolutionProperties) = preSolution
		HideSolutionNode = FALSE
	EndGlobalSection
	GlobalSection(ExtensibilityGlobals) = postSolution
		SolutionGuid = {45AAC39C-B5C4-47BD-BEF5-6FF91AB4AEAC}
	EndGlobalSection
EndGlobal
